// !$*UTF8*$!
{
	archiveVersion = 1;
	classes = {
	};
	objectVersion = 46;
	objects = {

/* Begin PBXBuildFile section */
		30055E901D178FB40073DE82 /* VCL.swift in Sources */ = {isa = PBXBuildFile; fileRef = 30055E8F1D178FB40073DE82 /* VCL.swift */; };
		303AADBE1D37358900A9F605 /* BlinkingFaceViewController.swift in Sources */ = {isa = PBXBuildFile; fileRef = 303AADBD1D37358900A9F605 /* BlinkingFaceViewController.swift */; };
		303AADC01D3737BA00A9F605 /* EyeView.swift in Sources */ = {isa = PBXBuildFile; fileRef = 303AADBF1D3737BA00A9F605 /* EyeView.swift */; };
		304DF6171CF056330007B1C0 /* FacialExpression.swift in Sources */ = {isa = PBXBuildFile; fileRef = 304DF6161CF056330007B1C0 /* FacialExpression.swift */; };
		309E1C641CEDEBF50051D4B1 /* AppDelegate.swift in Sources */ = {isa = PBXBuildFile; fileRef = 309E1C631CEDEBF50051D4B1 /* AppDelegate.swift */; };
		309E1C661CEDEBF50051D4B1 /* FaceViewController.swift in Sources */ = {isa = PBXBuildFile; fileRef = 309E1C651CEDEBF50051D4B1 /* FaceViewController.swift */; };
		309E1C691CEDEBF50051D4B1 /* Main.storyboard in Resources */ = {isa = PBXBuildFile; fileRef = 309E1C671CEDEBF50051D4B1 /* Main.storyboard */; };
		309E1C6B1CEDEBF50051D4B1 /* Assets.xcassets in Resources */ = {isa = PBXBuildFile; fileRef = 309E1C6A1CEDEBF50051D4B1 /* Assets.xcassets */; };
		309E1C6E1CEDEBF50051D4B1 /* LaunchScreen.storyboard in Resources */ = {isa = PBXBuildFile; fileRef = 309E1C6C1CEDEBF50051D4B1 /* LaunchScreen.storyboard */; };
		309E1C761CEDEDC40051D4B1 /* FaceView.swift in Sources */ = {isa = PBXBuildFile; fileRef = 309E1C751CEDEDC40051D4B1 /* FaceView.swift */; };
		30ED99D11CF3480300665F41 /* EmotionsViewController.swift in Sources */ = {isa = PBXBuildFile; fileRef = 30ED99D01CF3480300665F41 /* EmotionsViewController.swift */; };
/* End PBXBuildFile section */

/* Begin PBXFileReference section */
		30055E8F1D178FB40073DE82 /* VCL.swift */ = {isa = PBXFileReference; fileEncoding = 4; lastKnownFileType = sourcecode.swift; path = VCL.swift; sourceTree = "<group>"; };
		303AADBD1D37358900A9F605 /* BlinkingFaceViewController.swift */ = {isa = PBXFileReference; fileEncoding = 4; lastKnownFileType = sourcecode.swift; path = BlinkingFaceViewController.swift; sourceTree = "<group>"; };
		303AADBF1D3737BA00A9F605 /* EyeView.swift */ = {isa = PBXFileReference; fileEncoding = 4; lastKnownFileType = sourcecode.swift; path = EyeView.swift; sourceTree = "<group>"; };
		304DF6161CF056330007B1C0 /* FacialExpression.swift */ = {isa = PBXFileReference; fileEncoding = 4; lastKnownFileType = sourcecode.swift; path = FacialExpression.swift; sourceTree = "<group>"; };
		309E1C601CEDEBF50051D4B1 /* FaceIt.app */ = {isa = PBXFileReference; explicitFileType = wrapper.application; includeInIndex = 0; path = FaceIt.app; sourceTree = BUILT_PRODUCTS_DIR; };
		309E1C631CEDEBF50051D4B1 /* AppDelegate.swift */ = {isa = PBXFileReference; lastKnownFileType = sourcecode.swift; path = AppDelegate.swift; sourceTree = "<group>"; };
		309E1C651CEDEBF50051D4B1 /* FaceViewController.swift */ = {isa = PBXFileReference; lastKnownFileType = sourcecode.swift; path = FaceViewController.swift; sourceTree = "<group>"; };
		309E1C681CEDEBF50051D4B1 /* Base */ = {isa = PBXFileReference; lastKnownFileType = file.storyboard; name = Base; path = Base.lproj/Main.storyboard; sourceTree = "<group>"; };
		309E1C6A1CEDEBF50051D4B1 /* Assets.xcassets */ = {isa = PBXFileReference; lastKnownFileType = folder.assetcatalog; path = Assets.xcassets; sourceTree = "<group>"; };
		309E1C6D1CEDEBF50051D4B1 /* Base */ = {isa = PBXFileReference; lastKnownFileType = file.storyboard; name = Base; path = Base.lproj/LaunchScreen.storyboard; sourceTree = "<group>"; };
		309E1C6F1CEDEBF50051D4B1 /* Info.plist */ = {isa = PBXFileReference; lastKnownFileType = text.plist.xml; path = Info.plist; sourceTree = "<group>"; };
		309E1C751CEDEDC40051D4B1 /* FaceView.swift */ = {isa = PBXFileReference; fileEncoding = 4; lastKnownFileType = sourcecode.swift; path = FaceView.swift; sourceTree = "<group>"; };
		30ED99D01CF3480300665F41 /* EmotionsViewController.swift */ = {isa = PBXFileReference; fileEncoding = 4; lastKnownFileType = sourcecode.swift; path = EmotionsViewController.swift; sourceTree = "<group>"; };
/* End PBXFileReference section */

/* Begin PBXFrameworksBuildPhase section */
		309E1C5D1CEDEBF50051D4B1 /* Frameworks */ = {
			isa = PBXFrameworksBuildPhase;
			buildActionMask = 2147483647;
			files = (
			);
			runOnlyForDeploymentPostprocessing = 0;
		};
/* End PBXFrameworksBuildPhase section */

/* Begin PBXGroup section */
		304659EE1CF1FE0B00592474 /* Supporting Files */ = {
			isa = PBXGroup;
			children = (
				309E1C631CEDEBF50051D4B1 /* AppDelegate.swift */,
				309E1C6A1CEDEBF50051D4B1 /* Assets.xcassets */,
				309E1C6C1CEDEBF50051D4B1 /* LaunchScreen.storyboard */,
				309E1C6F1CEDEBF50051D4B1 /* Info.plist */,
				30055E8F1D178FB40073DE82 /* VCL.swift */,
			);
			name = "Supporting Files";
			sourceTree = "<group>";
		};
		309E1C571CEDEBF50051D4B1 = {
			isa = PBXGroup;
			children = (
				309E1C621CEDEBF50051D4B1 /* FaceIt */,
				309E1C611CEDEBF50051D4B1 /* Products */,
			);
			sourceTree = "<group>";
		};
		309E1C611CEDEBF50051D4B1 /* Products */ = {
			isa = PBXGroup;
			children = (
				309E1C601CEDEBF50051D4B1 /* FaceIt.app */,
			);
			name = Products;
			sourceTree = "<group>";
		};
		309E1C621CEDEBF50051D4B1 /* FaceIt */ = {
			isa = PBXGroup;
			children = (
				309E1C671CEDEBF50051D4B1 /* Main.storyboard */,
				303AADBD1D37358900A9F605 /* BlinkingFaceViewController.swift */,
				30ED99D01CF3480300665F41 /* EmotionsViewController.swift */,
				309E1C651CEDEBF50051D4B1 /* FaceViewController.swift */,
				303AADBF1D3737BA00A9F605 /* EyeView.swift */,
				309E1C751CEDEDC40051D4B1 /* FaceView.swift */,
				304DF6161CF056330007B1C0 /* FacialExpression.swift */,
				304659EE1CF1FE0B00592474 /* Supporting Files */,
			);
			path = FaceIt;
			sourceTree = "<group>";
		};
/* End PBXGroup section */

/* Begin PBXNativeTarget section */
		309E1C5F1CEDEBF50051D4B1 /* FaceIt */ = {
			isa = PBXNativeTarget;
			buildConfigurationList = 309E1C721CEDEBF50051D4B1 /* Build configuration list for PBXNativeTarget "FaceIt" */;
			buildPhases = (
				309E1C5C1CEDEBF50051D4B1 /* Sources */,
				309E1C5D1CEDEBF50051D4B1 /* Frameworks */,
				309E1C5E1CEDEBF50051D4B1 /* Resources */,
			);
			buildRules = (
			);
			dependencies = (
			);
			name = FaceIt;
			productName = FaceIt;
			productReference = 309E1C601CEDEBF50051D4B1 /* FaceIt.app */;
			productType = "com.apple.product-type.application";
		};
/* End PBXNativeTarget section */

/* Begin PBXProject section */
		309E1C581CEDEBF50051D4B1 /* Project object */ = {
			isa = PBXProject;
			attributes = {
				LastSwiftUpdateCheck = 0730;
				LastUpgradeCheck = 0730;
				ORGANIZATIONNAME = WangQi;
				TargetAttributes = {
					309E1C5F1CEDEBF50051D4B1 = {
						CreatedOnToolsVersion = 7.3.1;
						DevelopmentTeam = EKW377MQAC;
					};
				};
			};
			buildConfigurationList = 309E1C5B1CEDEBF50051D4B1 /* Build configuration list for PBXProject "FaceIt" */;
			compatibilityVersion = "Xcode 3.2";
			developmentRegion = English;
			hasScannedForEncodings = 0;
			knownRegions = (
				en,
				Base,
			);
			mainGroup = 309E1C571CEDEBF50051D4B1;
			productRefGroup = 309E1C611CEDEBF50051D4B1 /* Products */;
			projectDirPath = "";
			projectRoot = "";
			targets = (
				309E1C5F1CEDEBF50051D4B1 /* FaceIt */,
			);
		};
/* End PBXProject section */

/* Begin PBXResourcesBuildPhase section */
		309E1C5E1CEDEBF50051D4B1 /* Resources */ = {
			isa = PBXResourcesBuildPhase;
			buildActionMask = 2147483647;
			files = (
				309E1C6E1CEDEBF50051D4B1 /* LaunchScreen.storyboard in Resources */,
				309E1C6B1CEDEBF50051D4B1 /* Assets.xcassets in Resources */,
				309E1C691CEDEBF50051D4B1 /* Main.storyboard in Resources */,
			);
			runOnlyForDeploymentPostprocessing = 0;
		};
/* End PBXResourcesBuildPhase section */

/* Begin PBXSourcesBuildPhase section */
		309E1C5C1CEDEBF50051D4B1 /* Sources */ = {
			isa = PBXSourcesBuildPhase;
			buildActionMask = 2147483647;
			files = (
				309E1C661CEDEBF50051D4B1 /* FaceViewController.swift in Sources */,
				304DF6171CF056330007B1C0 /* FacialExpression.swift in Sources */,
				30ED99D11CF3480300665F41 /* EmotionsViewController.swift in Sources */,
				30055E901D178FB40073DE82 /* VCL.swift in Sources */,
				303AADBE1D37358900A9F605 /* BlinkingFaceViewController.swift in Sources */,
				309E1C641CEDEBF50051D4B1 /* AppDelegate.swift in Sources */,
				303AADC01D3737BA00A9F605 /* EyeView.swift in Sources */,
				309E1C761CEDEDC40051D4B1 /* FaceView.swift in Sources */,
			);
			runOnlyForDeploymentPostprocessing = 0;
		};
/* End PBXSourcesBuildPhase section */

/* Begin PBXVariantGroup section */
		309E1C671CEDEBF50051D4B1 /* Main.storyboard */ = {
			isa = PBXVariantGroup;
			children = (
				309E1C681CEDEBF50051D4B1 /* Base */,
			);
			name = Main.storyboard;
			sourceTree = "<group>";
		};
		309E1C6C1CEDEBF50051D4B1 /* LaunchScreen.storyboard */ = {
			isa = PBXVariantGroup;
			children = (
				309E1C6D1CEDEBF50051D4B1 /* Base */,
			);
			name = LaunchScreen.storyboard;
			sourceTree = "<group>";
		};
/* End PBXVariantGroup section */

/* Begin XCBuildConfiguration section */
		309E1C701CEDEBF50051D4B1 /* Debug */ = {
			isa = XCBuildConfiguration;
			buildSettings = {
				ALWAYS_SEARCH_USER_PATHS = NO;
				CLANG_ANALYZER_NONNULL = YES;
				CLANG_CXX_LANGUAGE_STANDARD = "gnu++0x";
				CLANG_CXX_LIBRARY = "libc++";
				CLANG_ENABLE_MODULES = YES;
				CLANG_ENABLE_OBJC_ARC = YES;
				CLANG_WARN_BOOL_CONVERSION = YES;
				CLANG_WARN_CONSTANT_CONVERSION = YES;
				CLANG_WARN_DIRECT_OBJC_ISA_USAGE = YES_ERROR;
				CLANG_WARN_EMPTY_BODY = YES;
				CLANG_WARN_ENUM_CONVERSION = YES;
				CLANG_WARN_INT_CONVERSION = YES;
				CLANG_WARN_OBJC_ROOT_CLASS = YES_ERROR;
				CLANG_WARN_UNREACHABLE_CODE = YES;
				CLANG_WARN__DUPLICATE_METHOD_MATCH = YES;
				"CODE_SIGN_IDENTITY[sdk=iphoneos*]" = "iPhone Developer";
				COPY_PHASE_STRIP = NO;
				DEBUG_INFORMATION_FORMAT = dwarf;
				ENABLE_STRICT_OBJC_MSGSEND = YES;
				ENABLE_TESTABILITY = YES;
				GCC_C_LANGUAGE_STANDARD = gnu99;
				GCC_DYNAMIC_NO_PIC = NO;
				GCC_NO_COMMON_BLOCKS = YES;
				GCC_OPTIMIZATION_LEVEL = 0;
				GCC_PREPROCESSOR_DEFINITIONS = (
					"DEBUG=1",
					"$(inherited)",
				);
				GCC_WARN_64_TO_32_BIT_CONVERSION = YES;
				GCC_WARN_ABOUT_RETURN_TYPE = YES_ERROR;
				GCC_WARN_UNDECLARED_SELECTOR = YES;
				GCC_WARN_UNINITIALIZED_AUTOS = YES_AGGRESSIVE;
				GCC_WARN_UNUSED_FUNCTION = YES;
				GCC_WARN_UNUSED_VARIABLE = YES;
				IPHONEOS_DEPLOYMENT_TARGET = 9.3;
				MTL_ENABLE_DEBUG_INFO = YES;
				ONLY_ACTIVE_ARCH = YES;
				SDKROOT = iphoneos;
				SWIFT_OPTIMIZATION_LEVEL = "-Onone";
			};
			name = Debug;
		};
		309E1C711CEDEBF50051D4B1 /* Release */ = {
			isa = XCBuildConfiguration;
			buildSettings = {
				ALWAYS_SEARCH_USER_PATHS = NO;
				CLANG_ANALYZER_NONNULL = YES;
				CLANG_CXX_LANGUAGE_STANDARD = "gnu++0x";
				CLANG_CXX_LIBRARY = "libc++";
				CLANG_ENABLE_MODULES = YES;
				CLANG_ENABLE_OBJC_ARC = YES;
				CLANG_WARN_BOOL_CONVERSION = YES;
				CLANG_WARN_CONSTANT_CONVERSION = YES;
				CLANG_WARN_DIRECT_OBJC_ISA_USAGE = YES_ERROR;
				CLANG_WARN_EMPTY_BODY = YES;
				CLANG_WARN_ENUM_CONVERSION = YES;
				CLANG_WARN_INT_CONVERSION = YES;
				CLANG_WARN_OBJC_ROOT_CLASS = YES_ERROR;
				CLANG_WARN_UNREACHABLE_CODE = YES;
				CLANG_WARN__DUPLICATE_METHOD_MATCH = YES;
				"CODE_SIGN_IDENTITY[sdk=iphoneos*]" = "iPhone Developer";
				COPY_PHASE_STRIP = NO;
				DEBUG_INFORMATION_FORMAT = "dwarf-with-dsym";
				ENABLE_NS_ASSERTIONS = NO;
				ENABLE_STRICT_OBJC_MSGSEND = YES;
				GCC_C_LANGUAGE_STANDARD = gnu99;
				GCC_NO_COMMON_BLOCKS = YES;
				GCC_WARN_64_TO_32_BIT_CONVERSION = YES;
				GCC_WARN_ABOUT_RETURN_TYPE = YES_ERROR;
				GCC_WARN_UNDECLARED_SELECTOR = YES;
				GCC_WARN_UNINITIALIZED_AUTOS = YES_AGGRESSIVE;
				GCC_WARN_UNUSED_FUNCTION = YES;
				GCC_WARN_UNUSED_VARIABLE = YES;
				IPHONEOS_DEPLOYMENT_TARGET = 9.3;
				MTL_ENABLE_DEBUG_INFO = NO;
				SDKROOT = iphoneos;
				VALIDATE_PRODUCT = YES;
			};
			name = Release;
		};
		309E1C731CEDEBF50051D4B1 /* Debug */ = {
			isa = XCBuildConfiguration;
			buildSettings = {
				ASSETCATALOG_COMPILER_APPICON_NAME = AppIcon;
				INFOPLIST_FILE = FaceIt/Info.plist;
				LD_RUNPATH_SEARCH_PATHS = "$(inherited) @executable_path/Frameworks";
				PRODUCT_BUNDLE_IDENTIFIER = com.wangqi.FaceIt;
				PRODUCT_NAME = "$(TARGET_NAME)";
				TARGETED_DEVICE_FAMILY = "1,2";
			};
			name = Debug;
		};
		309E1C741CEDEBF50051D4B1 /* Release */ = {
			isa = XCBuildConfiguration;
			buildSettings = {
				ASSETCATALOG_COMPILER_APPICON_NAME = AppIcon;
				INFOPLIST_FILE = FaceIt/Info.plist;
				LD_RUNPATH_SEARCH_PATHS = "$(inherited) @executable_path/Frameworks";
				PRODUCT_BUNDLE_IDENTIFIER = com.wangqi.FaceIt;
				PRODUCT_NAME = "$(TARGET_NAME)";
				TARGETED_DEVICE_FAMILY = "1,2";
			};
			name = Release;
		};
/* End XCBuildConfiguration section */

/* Begin XCConfigurationList section */
		309E1C5B1CEDEBF50051D4B1 /* Build configuration list for PBXProject "FaceIt" */ = {
			isa = XCConfigurationList;
			buildConfigurations = (
				309E1C701CEDEBF50051D4B1 /* Debug */,
				309E1C711CEDEBF50051D4B1 /* Release */,
			);
			defaultConfigurationIsVisible = 0;
			defaultConfigurationName = Release;
		};
		309E1C721CEDEBF50051D4B1 /* Build configuration list for PBXNativeTarget "FaceIt" */ = {
			isa = XCConfigurationList;
			buildConfigurations = (
				309E1C731CEDEBF50051D4B1 /* Debug */,
				309E1C741CEDEBF50051D4B1 /* Release */,
			);
			defaultConfigurationIsVisible = 0;
			defaultConfigurationName = Release;
		};
/* End XCConfigurationList section */
	};
	rootObject = 309E1C581CEDEBF50051D4B1 /* Project object */;
}
